// !$*UTF8*$!
{
	archiveVersion = 1;
	classes = {
	};
	objectVersion = 46;
	objects = {

/* Begin PBXBuildFile section */
		6710E5991F3ADD5500FA6EFB /* AppDelegate.swift in Sources */ = {isa = PBXBuildFile; fileRef = 67A7B3501DBB9700008F363D /* AppDelegate.swift */; };
		6710E59A1F3ADD5500FA6EFB /* AppDelegate.swift in Sources */ = {isa = PBXBuildFile; fileRef = 67A7B3501DBB9700008F363D /* AppDelegate.swift */; };
		6710E5A11F3AE07200FA6EFB /* ViewController.swift in Sources */ = {isa = PBXBuildFile; fileRef = 6710E5A01F3AE07200FA6EFB /* ViewController.swift */; };
		6710E5A21F3AE07200FA6EFB /* ViewController.swift in Sources */ = {isa = PBXBuildFile; fileRef = 6710E5A01F3AE07200FA6EFB /* ViewController.swift */; };
		6710E5A31F3AE07200FA6EFB /* ViewController.swift in Sources */ = {isa = PBXBuildFile; fileRef = 6710E5A01F3AE07200FA6EFB /* ViewController.swift */; };
		67A7B3511DBB9700008F363D /* AppDelegate.swift in Sources */ = {isa = PBXBuildFile; fileRef = 67A7B3501DBB9700008F363D /* AppDelegate.swift */; };
		67A7B3531DBB9700008F363D /* Assets.xcassets in Resources */ = {isa = PBXBuildFile; fileRef = 67A7B3521DBB9700008F363D /* Assets.xcassets */; };
		67A7B3611DBB9700008F363D /* SGCMacTests.swift in Sources */ = {isa = PBXBuildFile; fileRef = 67A7B3601DBB9700008F363D /* SGCMacTests.swift */; };
		67A7B36C1DBB9700008F363D /* SGCMacUITests.swift in Sources */ = {isa = PBXBuildFile; fileRef = 67A7B36B1DBB9700008F363D /* SGCMacUITests.swift */; };
		67A7B37A1DBB9718008F363D /* MainMenu.xib in Resources */ = {isa = PBXBuildFile; fileRef = 67A7B3791DBB9718008F363D /* MainMenu.xib */; };
/* End PBXBuildFile section */

/* Begin PBXContainerItemProxy section */
		67A7B35D1DBB9700008F363D /* PBXContainerItemProxy */ = {
			isa = PBXContainerItemProxy;
			containerPortal = 67A7B3451DBB9700008F363D /* Project object */;
			proxyType = 1;
			remoteGlobalIDString = 67A7B34C1DBB9700008F363D;
			remoteInfo = SGCMac;
		};
		67A7B3681DBB9700008F363D /* PBXContainerItemProxy */ = {
			isa = PBXContainerItemProxy;
			containerPortal = 67A7B3451DBB9700008F363D /* Project object */;
			proxyType = 1;
			remoteGlobalIDString = 67A7B34C1DBB9700008F363D;
			remoteInfo = SGCMac;
		};
/* End PBXContainerItemProxy section */

/* Begin PBXFileReference section */
		6710E5A01F3AE07200FA6EFB /* ViewController.swift */ = {isa = PBXFileReference; fileEncoding = 4; lastKnownFileType = sourcecode.swift; name = ViewController.swift; path = ../ViewController.swift; sourceTree = "<group>"; };
		67998CE91F3A993100C7EDE8 /* GPACalculator.entitlements */ = {isa = PBXFileReference; lastKnownFileType = text.plist.entitlements; path = GPACalculator.entitlements; sourceTree = "<group>"; };
		67A7B34D1DBB9700008F363D /* GPATool.app */ = {isa = PBXFileReference; explicitFileType = wrapper.application; includeInIndex = 0; path = GPATool.app; sourceTree = BUILT_PRODUCTS_DIR; };
		67A7B3501DBB9700008F363D /* AppDelegate.swift */ = {isa = PBXFileReference; lastKnownFileType = sourcecode.swift; path = AppDelegate.swift; sourceTree = "<group>"; };
		67A7B3521DBB9700008F363D /* Assets.xcassets */ = {isa = PBXFileReference; lastKnownFileType = folder.assetcatalog; path = Assets.xcassets; sourceTree = "<group>"; };
		67A7B3571DBB9700008F363D /* Info.plist */ = {isa = PBXFileReference; lastKnownFileType = text.plist.xml; path = Info.plist; sourceTree = "<group>"; };
		67A7B35C1DBB9700008F363D /* GPAToolTests.xctest */ = {isa = PBXFileReference; explicitFileType = wrapper.cfbundle; includeInIndex = 0; path = GPAToolTests.xctest; sourceTree = BUILT_PRODUCTS_DIR; };
		67A7B3601DBB9700008F363D /* SGCMacTests.swift */ = {isa = PBXFileReference; lastKnownFileType = sourcecode.swift; path = SGCMacTests.swift; sourceTree = "<group>"; };
		67A7B3621DBB9700008F363D /* Info.plist */ = {isa = PBXFileReference; lastKnownFileType = text.plist.xml; path = Info.plist; sourceTree = "<group>"; };
		67A7B3671DBB9700008F363D /* GPAToolUITests.xctest */ = {isa = PBXFileReference; explicitFileType = wrapper.cfbundle; includeInIndex = 0; path = GPAToolUITests.xctest; sourceTree = BUILT_PRODUCTS_DIR; };
		67A7B36B1DBB9700008F363D /* SGCMacUITests.swift */ = {isa = PBXFileReference; lastKnownFileType = sourcecode.swift; path = SGCMacUITests.swift; sourceTree = "<group>"; };
		67A7B36D1DBB9700008F363D /* Info.plist */ = {isa = PBXFileReference; lastKnownFileType = text.plist.xml; path = Info.plist; sourceTree = "<group>"; };
		67A7B3791DBB9718008F363D /* MainMenu.xib */ = {isa = PBXFileReference; fileEncoding = 4; lastKnownFileType = file.xib; path = MainMenu.xib; sourceTree = "<group>"; };
/* End PBXFileReference section */

/* Begin PBXFrameworksBuildPhase section */
		67A7B34A1DBB9700008F363D /* Frameworks */ = {
			isa = PBXFrameworksBuildPhase;
			buildActionMask = 2147483647;
			files = (
			);
			runOnlyForDeploymentPostprocessing = 0;
		};
		67A7B3591DBB9700008F363D /* Frameworks */ = {
			isa = PBXFrameworksBuildPhase;
			buildActionMask = 2147483647;
			files = (
			);
			runOnlyForDeploymentPostprocessing = 0;
		};
		67A7B3641DBB9700008F363D /* Frameworks */ = {
			isa = PBXFrameworksBuildPhase;
			buildActionMask = 2147483647;
			files = (
			);
			runOnlyForDeploymentPostprocessing = 0;
		};
/* End PBXFrameworksBuildPhase section */

/* Begin PBXGroup section */
		67663CD31E11194D00A31F42 /* Image */ = {
			isa = PBXGroup;
			children = (
			);
			name = Image;
			sourceTree = "<group>";
		};
		67A7B3441DBB9700008F363D = {
			isa = PBXGroup;
			children = (
				67998CE91F3A993100C7EDE8 /* GPACalculator.entitlements */,
				67A7B34F1DBB9700008F363D /* SGCMac */,
				67A7B35F1DBB9700008F363D /* SGCMacTests */,
				67A7B36A1DBB9700008F363D /* SGCMacUITests */,
				67A7B34E1DBB9700008F363D /* Products */,
			);
			sourceTree = "<group>";
		};
		67A7B34E1DBB9700008F363D /* Products */ = {
			isa = PBXGroup;
			children = (
				67A7B34D1DBB9700008F363D /* GPATool.app */,
				67A7B35C1DBB9700008F363D /* GPAToolTests.xctest */,
				67A7B3671DBB9700008F363D /* GPAToolUITests.xctest */,
			);
			name = Products;
			sourceTree = "<group>";
		};
		67A7B34F1DBB9700008F363D /* SGCMac */ = {
			isa = PBXGroup;
			children = (
				67663CD31E11194D00A31F42 /* Image */,
				67A7B3501DBB9700008F363D /* AppDelegate.swift */,
				67A7B3521DBB9700008F363D /* Assets.xcassets */,
				67A7B3791DBB9718008F363D /* MainMenu.xib */,
				6710E5A01F3AE07200FA6EFB /* ViewController.swift */,
				67A7B3571DBB9700008F363D /* Info.plist */,
			);
			path = SGCMac;
			sourceTree = "<group>";
		};
		67A7B35F1DBB9700008F363D /* SGCMacTests */ = {
			isa = PBXGroup;
			children = (
				67A7B3601DBB9700008F363D /* SGCMacTests.swift */,
				67A7B3621DBB9700008F363D /* Info.plist */,
			);
			path = SGCMacTests;
			sourceTree = "<group>";
		};
		67A7B36A1DBB9700008F363D /* SGCMacUITests */ = {
			isa = PBXGroup;
			children = (
				67A7B36B1DBB9700008F363D /* SGCMacUITests.swift */,
				67A7B36D1DBB9700008F363D /* Info.plist */,
			);
			path = SGCMacUITests;
			sourceTree = "<group>";
		};
/* End PBXGroup section */

/* Begin PBXNativeTarget section */
		67A7B34C1DBB9700008F363D /* GPATool */ = {
			isa = PBXNativeTarget;
			buildConfigurationList = 67A7B3701DBB9700008F363D /* Build configuration list for PBXNativeTarget "GPATool" */;
			buildPhases = (
				67A7B3491DBB9700008F363D /* Sources */,
				67A7B34A1DBB9700008F363D /* Frameworks */,
				67A7B34B1DBB9700008F363D /* Resources */,
			);
			buildRules = (
			);
			dependencies = (
			);
			name = GPATool;
			productName = SGCMac;
			productReference = 67A7B34D1DBB9700008F363D /* GPATool.app */;
			productType = "com.apple.product-type.application";
		};
		67A7B35B1DBB9700008F363D /* GPAToolTests */ = {
			isa = PBXNativeTarget;
			buildConfigurationList = 67A7B3731DBB9700008F363D /* Build configuration list for PBXNativeTarget "GPAToolTests" */;
			buildPhases = (
				67A7B3581DBB9700008F363D /* Sources */,
				67A7B3591DBB9700008F363D /* Frameworks */,
				67A7B35A1DBB9700008F363D /* Resources */,
			);
			buildRules = (
			);
			dependencies = (
				67A7B35E1DBB9700008F363D /* PBXTargetDependency */,
			);
			name = GPAToolTests;
			productName = SGCMacTests;
			productReference = 67A7B35C1DBB9700008F363D /* GPAToolTests.xctest */;
			productType = "com.apple.product-type.bundle.unit-test";
		};
		67A7B3661DBB9700008F363D /* GPAToolUITests */ = {
			isa = PBXNativeTarget;
			buildConfigurationList = 67A7B3761DBB9700008F363D /* Build configuration list for PBXNativeTarget "GPAToolUITests" */;
			buildPhases = (
				67A7B3631DBB9700008F363D /* Sources */,
				67A7B3641DBB9700008F363D /* Frameworks */,
				67A7B3651DBB9700008F363D /* Resources */,
			);
			buildRules = (
			);
			dependencies = (
				67A7B3691DBB9700008F363D /* PBXTargetDependency */,
			);
			name = GPAToolUITests;
			productName = SGCMacUITests;
			productReference = 67A7B3671DBB9700008F363D /* GPAToolUITests.xctest */;
			productType = "com.apple.product-type.bundle.ui-testing";
		};
/* End PBXNativeTarget section */

/* Begin PBXProject section */
		67A7B3451DBB9700008F363D /* Project object */ = {
			isa = PBXProject;
			attributes = {
				LastSwiftUpdateCheck = 0800;
				LastUpgradeCheck = 0800;
				ORGANIZATIONNAME = "Joonwoo Percy Jang";
				TargetAttributes = {
					67A7B34C1DBB9700008F363D = {
						CreatedOnToolsVersion = 8.0;
						DevelopmentTeam = 8WABJGLV4L;
						ProvisioningStyle = Automatic;
						SystemCapabilities = {
							com.apple.Sandbox = {
								enabled = 1;
							};
						};
					};
					67A7B35B1DBB9700008F363D = {
						CreatedOnToolsVersion = 8.0;
						ProvisioningStyle = Automatic;
						TestTargetID = 67A7B34C1DBB9700008F363D;
					};
					67A7B3661DBB9700008F363D = {
						CreatedOnToolsVersion = 8.0;
						ProvisioningStyle = Automatic;
						TestTargetID = 67A7B34C1DBB9700008F363D;
					};
				};
			};
			buildConfigurationList = 67A7B3481DBB9700008F363D /* Build configuration list for PBXProject "GPATool" */;
			compatibilityVersion = "Xcode 3.2";
			developmentRegion = English;
			hasScannedForEncodings = 0;
			knownRegions = (
				en,
				Base,
			);
			mainGroup = 67A7B3441DBB9700008F363D;
			productRefGroup = 67A7B34E1DBB9700008F363D /* Products */;
			projectDirPath = "";
			projectRoot = "";
			targets = (
				67A7B34C1DBB9700008F363D /* GPATool */,
				67A7B35B1DBB9700008F363D /* GPAToolTests */,
				67A7B3661DBB9700008F363D /* GPAToolUITests */,
			);
		};
/* End PBXProject section */

/* Begin PBXResourcesBuildPhase section */
		67A7B34B1DBB9700008F363D /* Resources */ = {
			isa = PBXResourcesBuildPhase;
			buildActionMask = 2147483647;
			files = (
				67A7B3531DBB9700008F363D /* Assets.xcassets in Resources */,
				67A7B37A1DBB9718008F363D /* MainMenu.xib in Resources */,
			);
			runOnlyForDeploymentPostprocessing = 0;
		};
		67A7B35A1DBB9700008F363D /* Resources */ = {
			isa = PBXResourcesBuildPhase;
			buildActionMask = 2147483647;
			files = (
			);
			runOnlyForDeploymentPostprocessing = 0;
		};
		67A7B3651DBB9700008F363D /* Resources */ = {
			isa = PBXResourcesBuildPhase;
			buildActionMask = 2147483647;
			files = (
			);
			runOnlyForDeploymentPostprocessing = 0;
		};
/* End PBXResourcesBuildPhase section */

/* Begin PBXSourcesBuildPhase section */
		67A7B3491DBB9700008F363D /* Sources */ = {
			isa = PBXSourcesBuildPhase;
			buildActionMask = 2147483647;
			files = (
				6710E5A11F3AE07200FA6EFB /* ViewController.swift in Sources */,
				67A7B3511DBB9700008F363D /* AppDelegate.swift in Sources */,
			);
			runOnlyForDeploymentPostprocessing = 0;
		};
		67A7B3581DBB9700008F363D /* Sources */ = {
			isa = PBXSourcesBuildPhase;
			buildActionMask = 2147483647;
			files = (
				6710E5A21F3AE07200FA6EFB /* ViewController.swift in Sources */,
				6710E5991F3ADD5500FA6EFB /* AppDelegate.swift in Sources */,
				67A7B3611DBB9700008F363D /* SGCMacTests.swift in Sources */,
			);
			runOnlyForDeploymentPostprocessing = 0;
		};
		67A7B3631DBB9700008F363D /* Sources */ = {
			isa = PBXSourcesBuildPhase;
			buildActionMask = 2147483647;
			files = (
				6710E5A31F3AE07200FA6EFB /* ViewController.swift in Sources */,
				6710E59A1F3ADD5500FA6EFB /* AppDelegate.swift in Sources */,
				67A7B36C1DBB9700008F363D /* SGCMacUITests.swift in Sources */,
			);
			runOnlyForDeploymentPostprocessing = 0;
		};
/* End PBXSourcesBuildPhase section */

/* Begin PBXTargetDependency section */
		67A7B35E1DBB9700008F363D /* PBXTargetDependency */ = {
			isa = PBXTargetDependency;
			target = 67A7B34C1DBB9700008F363D /* GPATool */;
			targetProxy = 67A7B35D1DBB9700008F363D /* PBXContainerItemProxy */;
		};
		67A7B3691DBB9700008F363D /* PBXTargetDependency */ = {
			isa = PBXTargetDependency;
			target = 67A7B34C1DBB9700008F363D /* GPATool */;
			targetProxy = 67A7B3681DBB9700008F363D /* PBXContainerItemProxy */;
		};
/* End PBXTargetDependency section */

/* Begin XCBuildConfiguration section */
		67A7B36E1DBB9700008F363D /* Debug */ = {
			isa = XCBuildConfiguration;
			buildSettings = {
				ALWAYS_SEARCH_USER_PATHS = NO;
				CLANG_ANALYZER_NONNULL = YES;
				CLANG_CXX_LANGUAGE_STANDARD = "gnu++0x";
				CLANG_CXX_LIBRARY = "libc++";
				CLANG_ENABLE_MODULES = YES;
				CLANG_ENABLE_OBJC_ARC = YES;
				CLANG_WARN_BOOL_CONVERSION = YES;
				CLANG_WARN_CONSTANT_CONVERSION = YES;
				CLANG_WARN_DIRECT_OBJC_ISA_USAGE = YES_ERROR;
				CLANG_WARN_DOCUMENTATION_COMMENTS = YES;
				CLANG_WARN_EMPTY_BODY = YES;
				CLANG_WARN_ENUM_CONVERSION = YES;
				CLANG_WARN_INFINITE_RECURSION = YES;
				CLANG_WARN_INT_CONVERSION = YES;
				CLANG_WARN_OBJC_ROOT_CLASS = YES_ERROR;
				CLANG_WARN_SUSPICIOUS_MOVES = YES;
				CLANG_WARN_UNREACHABLE_CODE = YES;
				CLANG_WARN__DUPLICATE_METHOD_MATCH = YES;
				CODE_SIGN_IDENTITY = "-";
				COPY_PHASE_STRIP = NO;
				DEBUG_INFORMATION_FORMAT = dwarf;
				ENABLE_STRICT_OBJC_MSGSEND = YES;
				ENABLE_TESTABILITY = YES;
				GCC_C_LANGUAGE_STANDARD = gnu99;
				GCC_DYNAMIC_NO_PIC = NO;
				GCC_NO_COMMON_BLOCKS = YES;
				GCC_OPTIMIZATION_LEVEL = 0;
				GCC_PREPROCESSOR_DEFINITIONS = (
					"DEBUG=1",
					"$(inherited)",
				);
				GCC_WARN_64_TO_32_BIT_CONVERSION = YES;
				GCC_WARN_ABOUT_RETURN_TYPE = YES_ERROR;
				GCC_WARN_UNDECLARED_SELECTOR = YES;
				GCC_WARN_UNINITIALIZED_AUTOS = YES_AGGRESSIVE;
				GCC_WARN_UNUSED_FUNCTION = YES;
				GCC_WARN_UNUSED_VARIABLE = YES;
				MACOSX_DEPLOYMENT_TARGET = 10.10;
				MTL_ENABLE_DEBUG_INFO = YES;
				ONLY_ACTIVE_ARCH = YES;
				SDKROOT = macosx;
				SWIFT_ACTIVE_COMPILATION_CONDITIONS = DEBUG;
				SWIFT_OPTIMIZATION_LEVEL = "-Onone";
			};
			name = Debug;
		};
		67A7B36F1DBB9700008F363D /* Release */ = {
			isa = XCBuildConfiguration;
			buildSettings = {
				ALWAYS_SEARCH_USER_PATHS = NO;
				CLANG_ANALYZER_NONNULL = YES;
				CLANG_CXX_LANGUAGE_STANDARD = "gnu++0x";
				CLANG_CXX_LIBRARY = "libc++";
				CLANG_ENABLE_MODULES = YES;
				CLANG_ENABLE_OBJC_ARC = YES;
				CLANG_WARN_BOOL_CONVERSION = YES;
				CLANG_WARN_CONSTANT_CONVERSION = YES;
				CLANG_WARN_DIRECT_OBJC_ISA_USAGE = YES_ERROR;
				CLANG_WARN_DOCUMENTATION_COMMENTS = YES;
				CLANG_WARN_EMPTY_BODY = YES;
				CLANG_WARN_ENUM_CONVERSION = YES;
				CLANG_WARN_INFINITE_RECURSION = YES;
				CLANG_WARN_INT_CONVERSION = YES;
				CLANG_WARN_OBJC_ROOT_CLASS = YES_ERROR;
				CLANG_WARN_SUSPICIOUS_MOVES = YES;
				CLANG_WARN_UNREACHABLE_CODE = YES;
				CLANG_WARN__DUPLICATE_METHOD_MATCH = YES;
				CODE_SIGN_IDENTITY = "-";
				COPY_PHASE_STRIP = NO;
				DEBUG_INFORMATION_FORMAT = "dwarf-with-dsym";
				ENABLE_NS_ASSERTIONS = NO;
				ENABLE_STRICT_OBJC_MSGSEND = YES;
				GCC_C_LANGUAGE_STANDARD = gnu99;
				GCC_NO_COMMON_BLOCKS = YES;
				GCC_WARN_64_TO_32_BIT_CONVERSION = YES;
				GCC_WARN_ABOUT_RETURN_TYPE = YES_ERROR;
				GCC_WARN_UNDECLARED_SELECTOR = YES;
				GCC_WARN_UNINITIALIZED_AUTOS = YES_AGGRESSIVE;
				GCC_WARN_UNUSED_FUNCTION = YES;
				GCC_WARN_UNUSED_VARIABLE = YES;
				MACOSX_DEPLOYMENT_TARGET = 10.10;
				MTL_ENABLE_DEBUG_INFO = NO;
				SDKROOT = macosx;
				SWIFT_OPTIMIZATION_LEVEL = "-Owholemodule";
			};
			name = Release;
		};
		67A7B3711DBB9700008F363D /* Debug */ = {
			isa = XCBuildConfiguration;
			buildSettings = {
				ASSETCATALOG_COMPILER_APPICON_NAME = AppIcon;
				CODE_SIGN_ENTITLEMENTS = GPACalculator.entitlements;
				CODE_SIGN_IDENTITY = "Mac Developer";
				COMBINE_HIDPI_IMAGES = YES;
				DEVELOPMENT_TEAM = 8WABJGLV4L;
				INFOPLIST_FILE = SGCMac/Info.plist;
				LD_RUNPATH_SEARCH_PATHS = "$(inherited) @executable_path/../Frameworks";
				MACOSX_DEPLOYMENT_TARGET = 10.10;
				PRODUCT_BUNDLE_IDENTIFIER = com.joonwoo.macsgc;
				PRODUCT_NAME = GPATool;
				SWIFT_VERSION = 3.0;
			};
			name = Debug;
		};
		67A7B3721DBB9700008F363D /* Release */ = {
			isa = XCBuildConfiguration;
			buildSettings = {
				ASSETCATALOG_COMPILER_APPICON_NAME = AppIcon;
				CODE_SIGN_ENTITLEMENTS = GPACalculator.entitlements;
				CODE_SIGN_IDENTITY = "Mac Developer";
				COMBINE_HIDPI_IMAGES = YES;
				DEVELOPMENT_TEAM = 8WABJGLV4L;
				INFOPLIST_FILE = SGCMac/Info.plist;
				LD_RUNPATH_SEARCH_PATHS = "$(inherited) @executable_path/../Frameworks";
				MACOSX_DEPLOYMENT_TARGET = 10.10;
				PRODUCT_BUNDLE_IDENTIFIER = com.joonwoo.macsgc;
				PRODUCT_NAME = GPATool;
				SWIFT_VERSION = 3.0;
			};
			name = Release;
		};
		67A7B3741DBB9700008F363D /* Debug */ = {
			isa = XCBuildConfiguration;
			buildSettings = {
				ALWAYS_EMBED_SWIFT_STANDARD_LIBRARIES = YES;
				BUNDLE_LOADER = "$(TEST_HOST)";
				COMBINE_HIDPI_IMAGES = YES;
				INFOPLIST_FILE = SGCMacTests/Info.plist;
				LD_RUNPATH_SEARCH_PATHS = "$(inherited) @executable_path/../Frameworks @loader_path/../Frameworks";
				PRODUCT_BUNDLE_IDENTIFIER = timingsniper.SGCMacTests;
				PRODUCT_NAME = "$(TARGET_NAME)";
				SWIFT_VERSION = 3.0;
				TEST_HOST = "$(BUILT_PRODUCTS_DIR)/GPATool.app/Contents/MacOS/GPATool";
			};
			name = Debug;
		};
		67A7B3751DBB9700008F363D /* Release */ = {
			isa = XCBuildConfiguration;
			buildSettings = {
				ALWAYS_EMBED_SWIFT_STANDARD_LIBRARIES = YES;
				BUNDLE_LOADER = "$(TEST_HOST)";
				COMBINE_HIDPI_IMAGES = YES;
				INFOPLIST_FILE = SGCMacTests/Info.plist;
				LD_RUNPATH_SEARCH_PATHS = "$(inherited) @executable_path/../Frameworks @loader_path/../Frameworks";
				PRODUCT_BUNDLE_IDENTIFIER = timingsniper.SGCMacTests;
				PRODUCT_NAME = "$(TARGET_NAME)";
				SWIFT_VERSION = 3.0;
				TEST_HOST = "$(BUILT_PRODUCTS_DIR)/GPATool.app/Contents/MacOS/GPATool";
			};
			name = Release;
		};
		67A7B3771DBB9700008F363D /* Debug */ = {
			isa = XCBuildConfiguration;
			buildSettings = {
				ALWAYS_EMBED_SWIFT_STANDARD_LIBRARIES = YES;
				COMBINE_HIDPI_IMAGES = YES;
				INFOPLIST_FILE = SGCMacUITests/Info.plist;
				LD_RUNPATH_SEARCH_PATHS = "$(inherited) @executable_path/../Frameworks @loader_path/../Frameworks";
				PRODUCT_BUNDLE_IDENTIFIER = timingsniper.SGCMacUITests;
				PRODUCT_NAME = "$(TARGET_NAME)";
				SWIFT_VERSION = 3.0;
				TEST_TARGET_NAME = SGCMac;
			};
			name = Debug;
		};
		67A7B3781DBB9700008F363D /* Release */ = {
			isa = XCBuildConfiguration;
			buildSettings = {
				ALWAYS_EMBED_SWIFT_STANDARD_LIBRARIES = YES;
				COMBINE_HIDPI_IMAGES = YES;
				INFOPLIST_FILE = SGCMacUITests/Info.plist;
				LD_RUNPATH_SEARCH_PATHS = "$(inherited) @executable_path/../Frameworks @loader_path/../Frameworks";
				PRODUCT_BUNDLE_IDENTIFIER = timingsniper.SGCMacUITests;
				PRODUCT_NAME = "$(TARGET_NAME)";
				SWIFT_VERSION = 3.0;
				TEST_TARGET_NAME = SGCMac;
			};
			name = Release;
		};
/* End XCBuildConfiguration section */

/* Begin XCConfigurationList section */
		67A7B3481DBB9700008F363D /* Build configuration list for PBXProject "GPATool" */ = {
			isa = XCConfigurationList;
			buildConfigurations = (
				67A7B36E1DBB9700008F363D /* Debug */,
				67A7B36F1DBB9700008F363D /* Release */,
			);
			defaultConfigurationIsVisible = 0;
			defaultConfigurationName = Release;
		};
		67A7B3701DBB9700008F363D /* Build configuration list for PBXNativeTarget "GPATool" */ = {
			isa = XCConfigurationList;
			buildConfigurations = (
				67A7B3711DBB9700008F363D /* Debug */,
				67A7B3721DBB9700008F363D /* Release */,
			);
			defaultConfigurationIsVisible = 0;
			defaultConfigurationName = Release;
		};
		67A7B3731DBB9700008F363D /* Build configuration list for PBXNativeTarget "GPAToolTests" */ = {
			isa = XCConfigurationList;
			buildConfigurations = (
				67A7B3741DBB9700008F363D /* Debug */,
				67A7B3751DBB9700008F363D /* Release */,
			);
			defaultConfigurationIsVisible = 0;
			defaultConfigurationName = Release;
		};
		67A7B3761DBB9700008F363D /* Build configuration list for PBXNativeTarget "GPAToolUITests" */ = {
			isa = XCConfigurationList;
			buildConfigurations = (
				67A7B3771DBB9700008F363D /* Debug */,
				67A7B3781DBB9700008F363D /* Release */,
			);
			defaultConfigurationIsVisible = 0;
			defaultConfigurationName = Release;
		};
/* End XCConfigurationList section */
	};
	rootObject = 67A7B3451DBB9700008F363D /* Project object */;
}
